// !$*UTF8*$!
{
	archiveVersion = 1;
	classes = {
	};
	objectVersion = 55;
	objects = {

/* Begin PBXBuildFile section */
		3FB328F728EE6E140020852A /* AppDelegate.swift in Sources */ = {isa = PBXBuildFile; fileRef = 3FB328F628EE6E140020852A /* AppDelegate.swift */; };
		3FB328F928EE6E140020852A /* SceneDelegate.swift in Sources */ = {isa = PBXBuildFile; fileRef = 3FB328F828EE6E140020852A /* SceneDelegate.swift */; };
		3FB328FB28EE6E140020852A /* ViewController.swift in Sources */ = {isa = PBXBuildFile; fileRef = 3FB328FA28EE6E140020852A /* ViewController.swift */; };
		3FB328FE28EE6E140020852A /* Main.storyboard in Resources */ = {isa = PBXBuildFile; fileRef = 3FB328FC28EE6E140020852A /* Main.storyboard */; };
		3FB3290028EE6E1B0020852A /* Assets.xcassets in Resources */ = {isa = PBXBuildFile; fileRef = 3FB328FF28EE6E1B0020852A /* Assets.xcassets */; };
		3FB3290328EE6E1B0020852A /* LaunchScreen.storyboard in Resources */ = {isa = PBXBuildFile; fileRef = 3FB3290128EE6E1B0020852A /* LaunchScreen.storyboard */; };
		3FB3290E28EE6E1B0020852A /* EditTableTests.swift in Sources */ = {isa = PBXBuildFile; fileRef = 3FB3290D28EE6E1B0020852A /* EditTableTests.swift */; };
		3FB3291828EE6E1B0020852A /* EditTableUITests.swift in Sources */ = {isa = PBXBuildFile; fileRef = 3FB3291728EE6E1B0020852A /* EditTableUITests.swift */; };
		3FB3291A28EE6E1B0020852A /* EditTableUITestsLaunchTests.swift in Sources */ = {isa = PBXBuildFile; fileRef = 3FB3291928EE6E1B0020852A /* EditTableUITestsLaunchTests.swift */; };
		3FB3292728EE6F240020852A /* mainUITableViewController.swift in Sources */ = {isa = PBXBuildFile; fileRef = 3FB3292628EE6F240020852A /* mainUITableViewController.swift */; };
		3FB3292928EE6FFD0020852A /* Item.swift in Sources */ = {isa = PBXBuildFile; fileRef = 3FB3292828EE6FFD0020852A /* Item.swift */; };
		3FB3292B28EE70260020852A /* ItemList.swift in Sources */ = {isa = PBXBuildFile; fileRef = 3FB3292A28EE70260020852A /* ItemList.swift */; };
/* End PBXBuildFile section */

/* Begin PBXContainerItemProxy section */
		3FB3290A28EE6E1B0020852A /* PBXContainerItemProxy */ = {
			isa = PBXContainerItemProxy;
			containerPortal = 3FB328EB28EE6E140020852A /* Project object */;
			proxyType = 1;
			remoteGlobalIDString = 3FB328F228EE6E140020852A;
			remoteInfo = EditTable;
		};
		3FB3291428EE6E1B0020852A /* PBXContainerItemProxy */ = {
			isa = PBXContainerItemProxy;
			containerPortal = 3FB328EB28EE6E140020852A /* Project object */;
			proxyType = 1;
			remoteGlobalIDString = 3FB328F228EE6E140020852A;
			remoteInfo = EditTable;
		};
/* End PBXContainerItemProxy section */

/* Begin PBXFileReference section */
		3FB328F328EE6E140020852A /* EditTable.app */ = {isa = PBXFileReference; explicitFileType = wrapper.application; includeInIndex = 0; path = EditTable.app; sourceTree = BUILT_PRODUCTS_DIR; };
		3FB328F628EE6E140020852A /* AppDelegate.swift */ = {isa = PBXFileReference; lastKnownFileType = sourcecode.swift; path = AppDelegate.swift; sourceTree = "<group>"; };
		3FB328F828EE6E140020852A /* SceneDelegate.swift */ = {isa = PBXFileReference; lastKnownFileType = sourcecode.swift; path = SceneDelegate.swift; sourceTree = "<group>"; };
		3FB328FA28EE6E140020852A /* ViewController.swift */ = {isa = PBXFileReference; lastKnownFileType = sourcecode.swift; path = ViewController.swift; sourceTree = "<group>"; };
		3FB328FD28EE6E140020852A /* Base */ = {isa = PBXFileReference; lastKnownFileType = file.storyboard; name = Base; path = Base.lproj/Main.storyboard; sourceTree = "<group>"; };
		3FB328FF28EE6E1B0020852A /* Assets.xcassets */ = {isa = PBXFileReference; lastKnownFileType = folder.assetcatalog; path = Assets.xcassets; sourceTree = "<group>"; };
		3FB3290228EE6E1B0020852A /* Base */ = {isa = PBXFileReference; lastKnownFileType = file.storyboard; name = Base; path = Base.lproj/LaunchScreen.storyboard; sourceTree = "<group>"; };
		3FB3290428EE6E1B0020852A /* Info.plist */ = {isa = PBXFileReference; lastKnownFileType = text.plist.xml; path = Info.plist; sourceTree = "<group>"; };
		3FB3290928EE6E1B0020852A /* EditTableTests.xctest */ = {isa = PBXFileReference; explicitFileType = wrapper.cfbundle; includeInIndex = 0; path = EditTableTests.xctest; sourceTree = BUILT_PRODUCTS_DIR; };
		3FB3290D28EE6E1B0020852A /* EditTableTests.swift */ = {isa = PBXFileReference; lastKnownFileType = sourcecode.swift; path = EditTableTests.swift; sourceTree = "<group>"; };
		3FB3291328EE6E1B0020852A /* EditTableUITests.xctest */ = {isa = PBXFileReference; explicitFileType = wrapper.cfbundle; includeInIndex = 0; path = EditTableUITests.xctest; sourceTree = BUILT_PRODUCTS_DIR; };
		3FB3291728EE6E1B0020852A /* EditTableUITests.swift */ = {isa = PBXFileReference; lastKnownFileType = sourcecode.swift; path = EditTableUITests.swift; sourceTree = "<group>"; };
		3FB3291928EE6E1B0020852A /* EditTableUITestsLaunchTests.swift */ = {isa = PBXFileReference; lastKnownFileType = sourcecode.swift; path = EditTableUITestsLaunchTests.swift; sourceTree = "<group>"; };
		3FB3292628EE6F240020852A /* mainUITableViewController.swift */ = {isa = PBXFileReference; lastKnownFileType = sourcecode.swift; path = mainUITableViewController.swift; sourceTree = "<group>"; };
		3FB3292828EE6FFD0020852A /* Item.swift */ = {isa = PBXFileReference; lastKnownFileType = sourcecode.swift; path = Item.swift; sourceTree = "<group>"; };
		3FB3292A28EE70260020852A /* ItemList.swift */ = {isa = PBXFileReference; lastKnownFileType = sourcecode.swift; path = ItemList.swift; sourceTree = "<group>"; };
/* End PBXFileReference section */

/* Begin PBXFrameworksBuildPhase section */
		3FB328F028EE6E140020852A /* Frameworks */ = {
			isa = PBXFrameworksBuildPhase;
			buildActionMask = 2147483647;
			files = (
			);
			runOnlyForDeploymentPostprocessing = 0;
		};
		3FB3290628EE6E1B0020852A /* Frameworks */ = {
			isa = PBXFrameworksBuildPhase;
			buildActionMask = 2147483647;
			files = (
			);
			runOnlyForDeploymentPostprocessing = 0;
		};
		3FB3291028EE6E1B0020852A /* Frameworks */ = {
			isa = PBXFrameworksBuildPhase;
			buildActionMask = 2147483647;
			files = (
			);
			runOnlyForDeploymentPostprocessing = 0;
		};
/* End PBXFrameworksBuildPhase section */

/* Begin PBXGroup section */
		3FB328EA28EE6E140020852A = {
			isa = PBXGroup;
			children = (
				3FB328F528EE6E140020852A /* EditTable */,
				3FB3290C28EE6E1B0020852A /* EditTableTests */,
				3FB3291628EE6E1B0020852A /* EditTableUITests */,
				3FB328F428EE6E140020852A /* Products */,
			);
			sourceTree = "<group>";
		};
		3FB328F428EE6E140020852A /* Products */ = {
			isa = PBXGroup;
			children = (
				3FB328F328EE6E140020852A /* EditTable.app */,
				3FB3290928EE6E1B0020852A /* EditTableTests.xctest */,
				3FB3291328EE6E1B0020852A /* EditTableUITests.xctest */,
			);
			name = Products;
			sourceTree = "<group>";
		};
		3FB328F528EE6E140020852A /* EditTable */ = {
			isa = PBXGroup;
			children = (
				3FB3292628EE6F240020852A /* mainUITableViewController.swift */,
				3FB3292828EE6FFD0020852A /* Item.swift */,
				3FB328F628EE6E140020852A /* AppDelegate.swift */,
				3FB328F828EE6E140020852A /* SceneDelegate.swift */,
				3FB328FA28EE6E140020852A /* ViewController.swift */,
				3FB328FC28EE6E140020852A /* Main.storyboard */,
				3FB328FF28EE6E1B0020852A /* Assets.xcassets */,
				3FB3290128EE6E1B0020852A /* LaunchScreen.storyboard */,
				3FB3290428EE6E1B0020852A /* Info.plist */,
				3FB3292A28EE70260020852A /* ItemList.swift */,
			);
			path = EditTable;
			sourceTree = "<group>";
		};
		3FB3290C28EE6E1B0020852A /* EditTableTests */ = {
			isa = PBXGroup;
			children = (
				3FB3290D28EE6E1B0020852A /* EditTableTests.swift */,
			);
			path = EditTableTests;
			sourceTree = "<group>";
		};
		3FB3291628EE6E1B0020852A /* EditTableUITests */ = {
			isa = PBXGroup;
			children = (
				3FB3291728EE6E1B0020852A /* EditTableUITests.swift */,
				3FB3291928EE6E1B0020852A /* EditTableUITestsLaunchTests.swift */,
			);
			path = EditTableUITests;
			sourceTree = "<group>";
		};
/* End PBXGroup section */

/* Begin PBXNativeTarget section */
		3FB328F228EE6E140020852A /* EditTable */ = {
			isa = PBXNativeTarget;
			buildConfigurationList = 3FB3291D28EE6E1B0020852A /* Build configuration list for PBXNativeTarget "EditTable" */;
			buildPhases = (
				3FB328EF28EE6E140020852A /* Sources */,
				3FB328F028EE6E140020852A /* Frameworks */,
				3FB328F128EE6E140020852A /* Resources */,
			);
			buildRules = (
			);
			dependencies = (
			);
			name = EditTable;
			productName = EditTable;
			productReference = 3FB328F328EE6E140020852A /* EditTable.app */;
			productType = "com.apple.product-type.application";
		};
		3FB3290828EE6E1B0020852A /* EditTableTests */ = {
			isa = PBXNativeTarget;
			buildConfigurationList = 3FB3292028EE6E1B0020852A /* Build configuration list for PBXNativeTarget "EditTableTests" */;
			buildPhases = (
				3FB3290528EE6E1B0020852A /* Sources */,
				3FB3290628EE6E1B0020852A /* Frameworks */,
				3FB3290728EE6E1B0020852A /* Resources */,
			);
			buildRules = (
			);
			dependencies = (
				3FB3290B28EE6E1B0020852A /* PBXTargetDependency */,
			);
			name = EditTableTests;
			productName = EditTableTests;
			productReference = 3FB3290928EE6E1B0020852A /* EditTableTests.xctest */;
			productType = "com.apple.product-type.bundle.unit-test";
		};
		3FB3291228EE6E1B0020852A /* EditTableUITests */ = {
			isa = PBXNativeTarget;
			buildConfigurationList = 3FB3292328EE6E1B0020852A /* Build configuration list for PBXNativeTarget "EditTableUITests" */;
			buildPhases = (
				3FB3290F28EE6E1B0020852A /* Sources */,
				3FB3291028EE6E1B0020852A /* Frameworks */,
				3FB3291128EE6E1B0020852A /* Resources */,
			);
			buildRules = (
			);
			dependencies = (
				3FB3291528EE6E1B0020852A /* PBXTargetDependency */,
			);
			name = EditTableUITests;
			productName = EditTableUITests;
			productReference = 3FB3291328EE6E1B0020852A /* EditTableUITests.xctest */;
			productType = "com.apple.product-type.bundle.ui-testing";
		};
/* End PBXNativeTarget section */

/* Begin PBXProject section */
		3FB328EB28EE6E140020852A /* Project object */ = {
			isa = PBXProject;
			attributes = {
				BuildIndependentTargetsInParallel = 1;
				LastSwiftUpdateCheck = 1340;
				LastUpgradeCheck = 1340;
				TargetAttributes = {
					3FB328F228EE6E140020852A = {
						CreatedOnToolsVersion = 13.4.1;
					};
					3FB3290828EE6E1B0020852A = {
						CreatedOnToolsVersion = 13.4.1;
						TestTargetID = 3FB328F228EE6E140020852A;
					};
					3FB3291228EE6E1B0020852A = {
						CreatedOnToolsVersion = 13.4.1;
						TestTargetID = 3FB328F228EE6E140020852A;
					};
				};
			};
			buildConfigurationList = 3FB328EE28EE6E140020852A /* Build configuration list for PBXProject "EditTable" */;
			compatibilityVersion = "Xcode 13.0";
			developmentRegion = en;
			hasScannedForEncodings = 0;
			knownRegions = (
				en,
				Base,
			);
			mainGroup = 3FB328EA28EE6E140020852A;
			productRefGroup = 3FB328F428EE6E140020852A /* Products */;
			projectDirPath = "";
			projectRoot = "";
			targets = (
				3FB328F228EE6E140020852A /* EditTable */,
				3FB3290828EE6E1B0020852A /* EditTableTests */,
				3FB3291228EE6E1B0020852A /* EditTableUITests */,
			);
		};
/* End PBXProject section */

/* Begin PBXResourcesBuildPhase section */
		3FB328F128EE6E140020852A /* Resources */ = {
			isa = PBXResourcesBuildPhase;
			buildActionMask = 2147483647;
			files = (
				3FB3290328EE6E1B0020852A /* LaunchScreen.storyboard in Resources */,
				3FB3290028EE6E1B0020852A /* Assets.xcassets in Resources */,
				3FB328FE28EE6E140020852A /* Main.storyboard in Resources */,
			);
			runOnlyForDeploymentPostprocessing = 0;
		};
		3FB3290728EE6E1B0020852A /* Resources */ = {
			isa = PBXResourcesBuildPhase;
			buildActionMask = 2147483647;
			files = (
			);
			runOnlyForDeploymentPostprocessing = 0;
		};
		3FB3291128EE6E1B0020852A /* Resources */ = {
			isa = PBXResourcesBuildPhase;
			buildActionMask = 2147483647;
			files = (
			);
			runOnlyForDeploymentPostprocessing = 0;
		};
/* End PBXResourcesBuildPhase section */

/* Begin PBXSourcesBuildPhase section */
		3FB328EF28EE6E140020852A /* Sources */ = {
			isa = PBXSourcesBuildPhase;
			buildActionMask = 2147483647;
			files = (
				3FB3292928EE6FFD0020852A /* Item.swift in Sources */,
				3FB3292728EE6F240020852A /* mainUITableViewController.swift in Sources */,
				3FB328FB28EE6E140020852A /* ViewController.swift in Sources */,
				3FB328F728EE6E140020852A /* AppDelegate.swift in Sources */,
				3FB3292B28EE70260020852A /* ItemList.swift in Sources */,
				3FB328F928EE6E140020852A /* SceneDelegate.swift in Sources */,
			);
			runOnlyForDeploymentPostprocessing = 0;
		};
		3FB3290528EE6E1B0020852A /* Sources */ = {
			isa = PBXSourcesBuildPhase;
			buildActionMask = 2147483647;
			files = (
				3FB3290E28EE6E1B0020852A /* EditTableTests.swift in Sources */,
			);
			runOnlyForDeploymentPostprocessing = 0;
		};
		3FB3290F28EE6E1B0020852A /* Sources */ = {
			isa = PBXSourcesBuildPhase;
			buildActionMask = 2147483647;
			files = (
				3FB3291828EE6E1B0020852A /* EditTableUITests.swift in Sources */,
				3FB3291A28EE6E1B0020852A /* EditTableUITestsLaunchTests.swift in Sources */,
			);
			runOnlyForDeploymentPostprocessing = 0;
		};
/* End PBXSourcesBuildPhase section */

/* Begin PBXTargetDependency section */
		3FB3290B28EE6E1B0020852A /* PBXTargetDependency */ = {
			isa = PBXTargetDependency;
			target = 3FB328F228EE6E140020852A /* EditTable */;
			targetProxy = 3FB3290A28EE6E1B0020852A /* PBXContainerItemProxy */;
		};
		3FB3291528EE6E1B0020852A /* PBXTargetDependency */ = {
			isa = PBXTargetDependency;
			target = 3FB328F228EE6E140020852A /* EditTable */;
			targetProxy = 3FB3291428EE6E1B0020852A /* PBXContainerItemProxy */;
		};
/* End PBXTargetDependency section */

/* Begin PBXVariantGroup section */
		3FB328FC28EE6E140020852A /* Main.storyboard */ = {
			isa = PBXVariantGroup;
			children = (
				3FB328FD28EE6E140020852A /* Base */,
			);
			name = Main.storyboard;
			sourceTree = "<group>";
		};
		3FB3290128EE6E1B0020852A /* LaunchScreen.storyboard */ = {
			isa = PBXVariantGroup;
			children = (
				3FB3290228EE6E1B0020852A /* Base */,
			);
			name = LaunchScreen.storyboard;
			sourceTree = "<group>";
		};
/* End PBXVariantGroup section */

/* Begin XCBuildConfiguration section */
		3FB3291B28EE6E1B0020852A /* Debug */ = {
			isa = XCBuildConfiguration;
			buildSettings = {
				ALWAYS_SEARCH_USER_PATHS = NO;
				CLANG_ANALYZER_NONNULL = YES;
				CLANG_ANALYZER_NUMBER_OBJECT_CONVERSION = YES_AGGRESSIVE;
				CLANG_CXX_LANGUAGE_STANDARD = "gnu++17";
				CLANG_ENABLE_MODULES = YES;
				CLANG_ENABLE_OBJC_ARC = YES;
				CLANG_ENABLE_OBJC_WEAK = YES;
				CLANG_WARN_BLOCK_CAPTURE_AUTORELEASING = YES;
				CLANG_WARN_BOOL_CONVERSION = YES;
				CLANG_WARN_COMMA = YES;
				CLANG_WARN_CONSTANT_CONVERSION = YES;
				CLANG_WARN_DEPRECATED_OBJC_IMPLEMENTATIONS = YES;
				CLANG_WARN_DIRECT_OBJC_ISA_USAGE = YES_ERROR;
				CLANG_WARN_DOCUMENTATION_COMMENTS = YES;
				CLANG_WARN_EMPTY_BODY = YES;
				CLANG_WARN_ENUM_CONVERSION = YES;
				CLANG_WARN_INFINITE_RECURSION = YES;
				CLANG_WARN_INT_CONVERSION = YES;
				CLANG_WARN_NON_LITERAL_NULL_CONVERSION = YES;
				CLANG_WARN_OBJC_IMPLICIT_RETAIN_SELF = YES;
				CLANG_WARN_OBJC_LITERAL_CONVERSION = YES;
				CLANG_WARN_OBJC_ROOT_CLASS = YES_ERROR;
				CLANG_WARN_QUOTED_INCLUDE_IN_FRAMEWORK_HEADER = YES;
				CLANG_WARN_RANGE_LOOP_ANALYSIS = YES;
				CLANG_WARN_STRICT_PROTOTYPES = YES;
				CLANG_WARN_SUSPICIOUS_MOVE = YES;
				CLANG_WARN_UNGUARDED_AVAILABILITY = YES_AGGRESSIVE;
				CLANG_WARN_UNREACHABLE_CODE = YES;
				CLANG_WARN__DUPLICATE_METHOD_MATCH = YES;
				COPY_PHASE_STRIP = NO;
				DEBUG_INFORMATION_FORMAT = dwarf;
				ENABLE_STRICT_OBJC_MSGSEND = YES;
				ENABLE_TESTABILITY = YES;
				GCC_C_LANGUAGE_STANDARD = gnu11;
				GCC_DYNAMIC_NO_PIC = NO;
				GCC_NO_COMMON_BLOCKS = YES;
				GCC_OPTIMIZATION_LEVEL = 0;
				GCC_PREPROCESSOR_DEFINITIONS = (
					"DEBUG=1",
					"$(inherited)",
				);
				GCC_WARN_64_TO_32_BIT_CONVERSION = YES;
				GCC_WARN_ABOUT_RETURN_TYPE = YES_ERROR;
				GCC_WARN_UNDECLARED_SELECTOR = YES;
				GCC_WARN_UNINITIALIZED_AUTOS = YES_AGGRESSIVE;
				GCC_WARN_UNUSED_FUNCTION = YES;
				GCC_WARN_UNUSED_VARIABLE = YES;
				IPHONEOS_DEPLOYMENT_TARGET = 15.5;
				MTL_ENABLE_DEBUG_INFO = INCLUDE_SOURCE;
				MTL_FAST_MATH = YES;
				ONLY_ACTIVE_ARCH = YES;
				SDKROOT = iphoneos;
				SWIFT_ACTIVE_COMPILATION_CONDITIONS = DEBUG;
				SWIFT_OPTIMIZATION_LEVEL = "-Onone";
			};
			name = Debug;
		};
		3FB3291C28EE6E1B0020852A /* Release */ = {
			isa = XCBuildConfiguration;
			buildSettings = {
				ALWAYS_SEARCH_USER_PATHS = NO;
				CLANG_ANALYZER_NONNULL = YES;
				CLANG_ANALYZER_NUMBER_OBJECT_CONVERSION = YES_AGGRESSIVE;
				CLANG_CXX_LANGUAGE_STANDARD = "gnu++17";
				CLANG_ENABLE_MODULES = YES;
				CLANG_ENABLE_OBJC_ARC = YES;
				CLANG_ENABLE_OBJC_WEAK = YES;
				CLANG_WARN_BLOCK_CAPTURE_AUTORELEASING = YES;
				CLANG_WARN_BOOL_CONVERSION = YES;
				CLANG_WARN_COMMA = YES;
				CLANG_WARN_CONSTANT_CONVERSION = YES;
				CLANG_WARN_DEPRECATED_OBJC_IMPLEMENTATIONS = YES;
				CLANG_WARN_DIRECT_OBJC_ISA_USAGE = YES_ERROR;
				CLANG_WARN_DOCUMENTATION_COMMENTS = YES;
				CLANG_WARN_EMPTY_BODY = YES;
				CLANG_WARN_ENUM_CONVERSION = YES;
				CLANG_WARN_INFINITE_RECURSION = YES;
				CLANG_WARN_INT_CONVERSION = YES;
				CLANG_WARN_NON_LITERAL_NULL_CONVERSION = YES;
				CLANG_WARN_OBJC_IMPLICIT_RETAIN_SELF = YES;
				CLANG_WARN_OBJC_LITERAL_CONVERSION = YES;
				CLANG_WARN_OBJC_ROOT_CLASS = YES_ERROR;
				CLANG_WARN_QUOTED_INCLUDE_IN_FRAMEWORK_HEADER = YES;
				CLANG_WARN_RANGE_LOOP_ANALYSIS = YES;
				CLANG_WARN_STRICT_PROTOTYPES = YES;
				CLANG_WARN_SUSPICIOUS_MOVE = YES;
				CLANG_WARN_UNGUARDED_AVAILABILITY = YES_AGGRESSIVE;
				CLANG_WARN_UNREACHABLE_CODE = YES;
				CLANG_WARN__DUPLICATE_METHOD_MATCH = YES;
				COPY_PHASE_STRIP = NO;
				DEBUG_INFORMATION_FORMAT = "dwarf-with-dsym";
				ENABLE_NS_ASSERTIONS = NO;
				ENABLE_STRICT_OBJC_MSGSEND = YES;
				GCC_C_LANGUAGE_STANDARD = gnu11;
				GCC_NO_COMMON_BLOCKS = YES;
				GCC_WARN_64_TO_32_BIT_CONVERSION = YES;
				GCC_WARN_ABOUT_RETURN_TYPE = YES_ERROR;
				GCC_WARN_UNDECLARED_SELECTOR = YES;
				GCC_WARN_UNINITIALIZED_AUTOS = YES_AGGRESSIVE;
				GCC_WARN_UNUSED_FUNCTION = YES;
				GCC_WARN_UNUSED_VARIABLE = YES;
				IPHONEOS_DEPLOYMENT_TARGET = 15.5;
				MTL_ENABLE_DEBUG_INFO = NO;
				MTL_FAST_MATH = YES;
				SDKROOT = iphoneos;
				SWIFT_COMPILATION_MODE = wholemodule;
				SWIFT_OPTIMIZATION_LEVEL = "-O";
				VALIDATE_PRODUCT = YES;
			};
			name = Release;
		};
		3FB3291E28EE6E1B0020852A /* Debug */ = {
			isa = XCBuildConfiguration;
			buildSettings = {
				ASSETCATALOG_COMPILER_APPICON_NAME = AppIcon;
				ASSETCATALOG_COMPILER_GLOBAL_ACCENT_COLOR_NAME = AccentColor;
				CODE_SIGN_STYLE = Automatic;
				CURRENT_PROJECT_VERSION = 1;
				GENERATE_INFOPLIST_FILE = YES;
				INFOPLIST_FILE = EditTable/Info.plist;
				INFOPLIST_KEY_UIApplicationSupportsIndirectInputEvents = YES;
				INFOPLIST_KEY_UILaunchStoryboardName = LaunchScreen;
				INFOPLIST_KEY_UIMainStoryboardFile = Main;
				INFOPLIST_KEY_UISupportedInterfaceOrientations_iPad = "UIInterfaceOrientationPortrait UIInterfaceOrientationPortraitUpsideDown UIInterfaceOrientationLandscapeLeft UIInterfaceOrientationLandscapeRight";
				INFOPLIST_KEY_UISupportedInterfaceOrientations_iPhone = "UIInterfaceOrientationPortrait UIInterfaceOrientationLandscapeLeft UIInterfaceOrientationLandscapeRight";
				LD_RUNPATH_SEARCH_PATHS = (
					"$(inherited)",
					"@executable_path/Frameworks",
				);
				MARKETING_VERSION = 1.0;
				PRODUCT_BUNDLE_IDENTIFIER = edu.cascadia.isaak.EditTable;
				PRODUCT_NAME = "$(TARGET_NAME)";
				SWIFT_EMIT_LOC_STRINGS = YES;
				SWIFT_VERSION = 5.0;
				TARGETED_DEVICE_FAMILY = "1,2";
			};
			name = Debug;
		};
		3FB3291F28EE6E1B0020852A /* Release */ = {
			isa = XCBuildConfiguration;
			buildSettings = {
				ASSETCATALOG_COMPILER_APPICON_NAME = AppIcon;
				ASSETCATALOG_COMPILER_GLOBAL_ACCENT_COLOR_NAME = AccentColor;
				CODE_SIGN_STYLE = Automatic;
				CURRENT_PROJECT_VERSION = 1;
				GENERATE_INFOPLIST_FILE = YES;
				INFOPLIST_FILE = EditTable/Info.plist;
				INFOPLIST_KEY_UIApplicationSupportsIndirectInputEvents = YES;
				INFOPLIST_KEY_UILaunchStoryboardName = LaunchScreen;
				INFOPLIST_KEY_UIMainStoryboardFile = Main;
				INFOPLIST_KEY_UISupportedInterfaceOrientations_iPad = "UIInterfaceOrientationPortrait UIInterfaceOrientationPortraitUpsideDown UIInterfaceOrientationLandscapeLeft UIInterfaceOrientationLandscapeRight";
				INFOPLIST_KEY_UISupportedInterfaceOrientations_iPhone = "UIInterfaceOrientationPortrait UIInterfaceOrientationLandscapeLeft UIInterfaceOrientationLandscapeRight";
				LD_RUNPATH_SEARCH_PATHS = (
					"$(inherited)",
					"@executable_path/Frameworks",
				);
				MARKETING_VERSION = 1.0;
				PRODUCT_BUNDLE_IDENTIFIER = edu.cascadia.isaak.EditTable;
				PRODUCT_NAME = "$(TARGET_NAME)";
				SWIFT_EMIT_LOC_STRINGS = YES;
				SWIFT_VERSION = 5.0;
				TARGETED_DEVICE_FAMILY = "1,2";
			};
			name = Release;
		};
		3FB3292128EE6E1B0020852A /* Debug */ = {
			isa = XCBuildConfiguration;
			buildSettings = {
				ALWAYS_EMBED_SWIFT_STANDARD_LIBRARIES = YES;
				BUNDLE_LOADER = "$(TEST_HOST)";
				CODE_SIGN_STYLE = Automatic;
				CURRENT_PROJECT_VERSION = 1;
				GENERATE_INFOPLIST_FILE = YES;
				IPHONEOS_DEPLOYMENT_TARGET = 15.5;
				MARKETING_VERSION = 1.0;
				PRODUCT_BUNDLE_IDENTIFIER = edu.cascadia.isaak.EditTableTests;
				PRODUCT_NAME = "$(TARGET_NAME)";
				SWIFT_EMIT_LOC_STRINGS = NO;
				SWIFT_VERSION = 5.0;
				TARGETED_DEVICE_FAMILY = "1,2";
				TEST_HOST = "$(BUILT_PRODUCTS_DIR)/EditTable.app/EditTable";
			};
			name = Debug;
		};
		3FB3292228EE6E1B0020852A /* Release */ = {
			isa = XCBuildConfiguration;
			buildSettings = {
				ALWAYS_EMBED_SWIFT_STANDARD_LIBRARIES = YES;
				BUNDLE_LOADER = "$(TEST_HOST)";
				CODE_SIGN_STYLE = Automatic;
				CURRENT_PROJECT_VERSION = 1;
				GENERATE_INFOPLIST_FILE = YES;
				IPHONEOS_DEPLOYMENT_TARGET = 15.5;
				MARKETING_VERSION = 1.0;
				PRODUCT_BUNDLE_IDENTIFIER = edu.cascadia.isaak.EditTableTests;
				PRODUCT_NAME = "$(TARGET_NAME)";
				SWIFT_EMIT_LOC_STRINGS = NO;
				SWIFT_VERSION = 5.0;
				TARGETED_DEVICE_FAMILY = "1,2";
				TEST_HOST = "$(BUILT_PRODUCTS_DIR)/EditTable.app/EditTable";
			};
			name = Release;
		};
		3FB3292428EE6E1B0020852A /* Debug */ = {
			isa = XCBuildConfiguration;
			buildSettings = {
				ALWAYS_EMBED_SWIFT_STANDARD_LIBRARIES = YES;
				CODE_SIGN_STYLE = Automatic;
				CURRENT_PROJECT_VERSION = 1;
				GENERATE_INFOPLIST_FILE = YES;
				MARKETING_VERSION = 1.0;
				PRODUCT_BUNDLE_IDENTIFIER = edu.cascadia.isaak.EditTableUITests;
				PRODUCT_NAME = "$(TARGET_NAME)";
				SWIFT_EMIT_LOC_STRINGS = NO;
				SWIFT_VERSION = 5.0;
				TARGETED_DEVICE_FAMILY = "1,2";
				TEST_TARGET_NAME = EditTable;
			};
			name = Debug;
		};
		3FB3292528EE6E1B0020852A /* Release */ = {
			isa = XCBuildConfiguration;
			buildSettings = {
				ALWAYS_EMBED_SWIFT_STANDARD_LIBRARIES = YES;
				CODE_SIGN_STYLE = Automatic;
				CURRENT_PROJECT_VERSION = 1;
				GENERATE_INFOPLIST_FILE = YES;
				MARKETING_VERSION = 1.0;
				PRODUCT_BUNDLE_IDENTIFIER = edu.cascadia.isaak.EditTableUITests;
				PRODUCT_NAME = "$(TARGET_NAME)";
				SWIFT_EMIT_LOC_STRINGS = NO;
				SWIFT_VERSION = 5.0;
				TARGETED_DEVICE_FAMILY = "1,2";
				TEST_TARGET_NAME = EditTable;
			};
			name = Release;
		};
/* End XCBuildConfiguration section */

/* Begin XCConfigurationList section */
		3FB328EE28EE6E140020852A /* Build configuration list for PBXProject "EditTable" */ = {
			isa = XCConfigurationList;
			buildConfigurations = (
				3FB3291B28EE6E1B0020852A /* Debug */,
				3FB3291C28EE6E1B0020852A /* Release */,
			);
			defaultConfigurationIsVisible = 0;
			defaultConfigurationName = Release;
		};
		3FB3291D28EE6E1B0020852A /* Build configuration list for PBXNativeTarget "EditTable" */ = {
			isa = XCConfigurationList;
			buildConfigurations = (
				3FB3291E28EE6E1B0020852A /* Debug */,
				3FB3291F28EE6E1B0020852A /* Release */,
			);
			defaultConfigurationIsVisible = 0;
			defaultConfigurationName = Release;
		};
		3FB3292028EE6E1B0020852A /* Build configuration list for PBXNativeTarget "EditTableTests" */ = {
			isa = XCConfigurationList;
			buildConfigurations = (
				3FB3292128EE6E1B0020852A /* Debug */,
				3FB3292228EE6E1B0020852A /* Release */,
			);
			defaultConfigurationIsVisible = 0;
			defaultConfigurationName = Release;
		};
		3FB3292328EE6E1B0020852A /* Build configuration list for PBXNativeTarget "EditTableUITests" */ = {
			isa = XCConfigurationList;
			buildConfigurations = (
				3FB3292428EE6E1B0020852A /* Debug */,
				3FB3292528EE6E1B0020852A /* Release */,
			);
			defaultConfigurationIsVisible = 0;
			defaultConfigurationName = Release;
		};
/* End XCConfigurationList section */
	};
	rootObject = 3FB328EB28EE6E140020852A /* Project object */;
}
